
Microsoft Visual Studio Solution File, Format Version 12.00
# Visual Studio Version 17
VisualStudioVersion = 17.9.34728.123
MinimumVisualStudioVersion = 10.0.40219.1
Project("{FAE04EC0-301F-11D3-BF4B-00C04F79EFBC}") = "WpfApp_09_06", "WpfApp_09_06\WpfApp_09_06.csproj", "{49792940-62A4-4BF0-B09F-A52DDBF935AB}"
EndProject
Global
	GlobalSection(SolutionConfigurationPlatforms) = preSolution
		Debug|Any CPU = Debug|Any CPU
		Release|Any CPU = Release|Any CPU
	EndGlobalSection
	GlobalSection(ProjectConfigurationPlatforms) = postSolution
		{49792940-62A4-4BF0-B09F-A52DDBF935AB}.Debug|Any CPU.ActiveCfg = Debug|Any CPU
		{49792940-62A4-4BF0-B09F-A52DDBF935AB}.Debug|Any CPU.Build.0 = Debug|Any CPU
		{49792940-62A4-4BF0-B09F-A52DDBF935AB}.Release|Any CPU.ActiveCfg = Release|Any CPU
		{49792940-62A4-4BF0-B09F-A52DDBF935AB}.Release|Any CPU.Build.0 = Release|Any CPU
	EndGlobalSection
	GlobalSection(SolutionProperties) = preSolution
		HideSolutionNode = FALSE
	EndGlobalSection
	GlobalSection(ExtensibilityGlobals) = postSolution
		SolutionGuid = {DEB80A9B-5C54-4AD1-AC1E-FDAE31EAD0E5}
	EndGlobalSection
EndGlobal
